
Microsoft Visual Studio Solution File, Format Version 12.00
# Visual Studio 15
VisualStudioVersion = 15.0.27703.2018
MinimumVisualStudioVersion = 10.0.40219.1
Project("{FAE04EC0-301F-11D3-BF4B-00C04F79EFBC}") = "NameSelector", "EntryPoint\NameSelector.csproj", "{48D07D39-D679-4B8F-A363-FE672C9DFE84}"
EndProject
Project("{FAE04EC0-301F-11D3-BF4B-00C04F79EFBC}") = "IdSelector", "IdSelector\IdSelector.csproj", "{5C103D58-7BFF-4B3E-81EB-5BDEA57B4277}"
EndProject
Project("{FAE04EC0-301F-11D3-BF4B-00C04F79EFBC}") = "ClassName", "ClassName\ClassName.csproj", "{A5A28F9C-62C5-4322-AF4B-1AA7B02614E6}"
EndProject
Project("{FAE04EC0-301F-11D3-BF4B-00C04F79EFBC}") = "Paths", "Paths\Paths.csproj", "{AC70D394-58A1-427C-B25F-6BC2529574C6}"
EndProject
Project("{FAE04EC0-301F-11D3-BF4B-00C04F79EFBC}") = "Test", "Test\Test.csproj", "{B46B4C68-78E2-4F1C-A7F9-EBD4AC581B0F}"
EndProject
Global
	GlobalSection(SolutionConfigurationPlatforms) = preSolution
		Debug|Any CPU = Debug|Any CPU
		Release|Any CPU = Release|Any CPU
	EndGlobalSection
	GlobalSection(ProjectConfigurationPlatforms) = postSolution
		{48D07D39-D679-4B8F-A363-FE672C9DFE84}.Debug|Any CPU.ActiveCfg = Debug|Any CPU
		{48D07D39-D679-4B8F-A363-FE672C9DFE84}.Debug|Any CPU.Build.0 = Debug|Any CPU
		{48D07D39-D679-4B8F-A363-FE672C9DFE84}.Release|Any CPU.ActiveCfg = Release|Any CPU
		{48D07D39-D679-4B8F-A363-FE672C9DFE84}.Release|Any CPU.Build.0 = Release|Any CPU
		{5C103D58-7BFF-4B3E-81EB-5BDEA57B4277}.Debug|Any CPU.ActiveCfg = Debug|Any CPU
		{5C103D58-7BFF-4B3E-81EB-5BDEA57B4277}.Debug|Any CPU.Build.0 = Debug|Any CPU
		{5C103D58-7BFF-4B3E-81EB-5BDEA57B4277}.Release|Any CPU.ActiveCfg = Release|Any CPU
		{5C103D58-7BFF-4B3E-81EB-5BDEA57B4277}.Release|Any CPU.Build.0 = Release|Any CPU
		{A5A28F9C-62C5-4322-AF4B-1AA7B02614E6}.Debug|Any CPU.ActiveCfg = Debug|Any CPU
		{A5A28F9C-62C5-4322-AF4B-1AA7B02614E6}.Debug|Any CPU.Build.0 = Debug|Any CPU
		{A5A28F9C-62C5-4322-AF4B-1AA7B02614E6}.Release|Any CPU.ActiveCfg = Release|Any CPU
		{A5A28F9C-62C5-4322-AF4B-1AA7B02614E6}.Release|Any CPU.Build.0 = Release|Any CPU
		{AC70D394-58A1-427C-B25F-6BC2529574C6}.Debug|Any CPU.ActiveCfg = Debug|Any CPU
		{AC70D394-58A1-427C-B25F-6BC2529574C6}.Debug|Any CPU.Build.0 = Debug|Any CPU
		{AC70D394-58A1-427C-B25F-6BC2529574C6}.Release|Any CPU.ActiveCfg = Release|Any CPU
		{AC70D394-58A1-427C-B25F-6BC2529574C6}.Release|Any CPU.Build.0 = Release|Any CPU
		{B46B4C68-78E2-4F1C-A7F9-EBD4AC581B0F}.Debug|Any CPU.ActiveCfg = Debug|Any CPU
		{B46B4C68-78E2-4F1C-A7F9-EBD4AC581B0F}.Debug|Any CPU.Build.0 = Debug|Any CPU
		{B46B4C68-78E2-4F1C-A7F9-EBD4AC581B0F}.Release|Any CPU.ActiveCfg = Release|Any CPU
		{B46B4C68-78E2-4F1C-A7F9-EBD4AC581B0F}.Release|Any CPU.Build.0 = Release|Any CPU
	EndGlobalSection
	GlobalSection(SolutionProperties) = preSolution
		HideSolutionNode = FALSE
	EndGlobalSection
	GlobalSection(ExtensibilityGlobals) = postSolution
		SolutionGuid = {53C85620-7DB7-43A4-9CEE-D1A25CDD27F1}
	EndGlobalSection
EndGlobal
